// !$*UTF8*$!
{
	archiveVersion = 1;
	classes = {
	};
	objectVersion = 46;
	objects = {

/* Begin PBXBuildFile section */
		3E4F0E7618D1332E00B79CC8 /* TypeList.cpp in Sources */ = {isa = PBXBuildFile; fileRef = 3E4F0E7518D1332E00B79CC8 /* TypeList.cpp */; };
		3E4F0E7918D1334C00B79CC8 /* StreetList.cpp in Sources */ = {isa = PBXBuildFile; fileRef = 3E4F0E7818D1334C00B79CC8 /* StreetList.cpp */; };
		3E4F0E7C18D1335C00B79CC8 /* ListHead.cpp in Sources */ = {isa = PBXBuildFile; fileRef = 3E4F0E7B18D1335C00B79CC8 /* ListHead.cpp */; };
		3E4F0E7E18D1336300B79CC8 /* RestaurantInfo.cpp in Sources */ = {isa = PBXBuildFile; fileRef = 3E4F0E7D18D1336300B79CC8 /* RestaurantInfo.cpp */; };
		3E4F0E8118D1337200B79CC8 /* main.cpp in Sources */ = {isa = PBXBuildFile; fileRef = 3E4F0E8018D1337200B79CC8 /* main.cpp */; };
		3E4F0E8418D1338100B79CC8 /* Hash.cpp in Sources */ = {isa = PBXBuildFile; fileRef = 3E4F0E8318D1338100B79CC8 /* Hash.cpp */; };
		3E4F0E8618D1338800B79CC8 /* CollisionTable.cpp in Sources */ = {isa = PBXBuildFile; fileRef = 3E4F0E8518D1338800B79CC8 /* CollisionTable.cpp */; };
/* End PBXBuildFile section */

/* Begin PBXCopyFilesBuildPhase section */
		3E53C5C418CECAF6005D4D1A /* CopyFiles */ = {
			isa = PBXCopyFilesBuildPhase;
			buildActionMask = 2147483647;
			dstPath = /usr/share/man/man1/;
			dstSubfolderSpec = 0;
			files = (
			);
			runOnlyForDeploymentPostprocessing = 1;
		};
/* End PBXCopyFilesBuildPhase section */

/* Begin PBXFileReference section */
		3E4F0E7518D1332E00B79CC8 /* TypeList.cpp */ = {isa = PBXFileReference; fileEncoding = 4; lastKnownFileType = sourcecode.cpp.cpp; path = TypeList.cpp; sourceTree = "<group>"; };
		3E4F0E7718D1333B00B79CC8 /* StreetList.h */ = {isa = PBXFileReference; fileEncoding = 4; lastKnownFileType = sourcecode.c.h; path = StreetList.h; sourceTree = "<group>"; };
		3E4F0E7818D1334C00B79CC8 /* StreetList.cpp */ = {isa = PBXFileReference; fileEncoding = 4; lastKnownFileType = sourcecode.cpp.cpp; path = StreetList.cpp; sourceTree = "<group>"; };
		3E4F0E7A18D1335500B79CC8 /* TypeList.h */ = {isa = PBXFileReference; fileEncoding = 4; lastKnownFileType = sourcecode.c.h; path = TypeList.h; sourceTree = "<group>"; };
		3E4F0E7B18D1335C00B79CC8 /* ListHead.cpp */ = {isa = PBXFileReference; fileEncoding = 4; lastKnownFileType = sourcecode.cpp.cpp; path = ListHead.cpp; sourceTree = "<group>"; };
		3E4F0E7D18D1336300B79CC8 /* RestaurantInfo.cpp */ = {isa = PBXFileReference; fileEncoding = 4; lastKnownFileType = sourcecode.cpp.cpp; path = RestaurantInfo.cpp; sourceTree = "<group>"; };
		3E4F0E7F18D1336B00B79CC8 /* ListHead.h */ = {isa = PBXFileReference; fileEncoding = 4; lastKnownFileType = sourcecode.c.h; path = ListHead.h; sourceTree = "<group>"; };
		3E4F0E8018D1337200B79CC8 /* main.cpp */ = {isa = PBXFileReference; fileEncoding = 4; lastKnownFileType = sourcecode.cpp.cpp; path = main.cpp; sourceTree = "<group>"; };
		3E4F0E8218D1337900B79CC8 /* Hash.h */ = {isa = PBXFileReference; fileEncoding = 4; lastKnownFileType = sourcecode.c.h; path = Hash.h; sourceTree = "<group>"; };
		3E4F0E8318D1338100B79CC8 /* Hash.cpp */ = {isa = PBXFileReference; fileEncoding = 4; lastKnownFileType = sourcecode.cpp.cpp; path = Hash.cpp; sourceTree = "<group>"; };
		3E4F0E8518D1338800B79CC8 /* CollisionTable.cpp */ = {isa = PBXFileReference; fileEncoding = 4; lastKnownFileType = sourcecode.cpp.cpp; path = CollisionTable.cpp; sourceTree = "<group>"; };
		3E4F0E8718D1339000B79CC8 /* CollisionTable.h */ = {isa = PBXFileReference; fileEncoding = 4; lastKnownFileType = sourcecode.c.h; path = CollisionTable.h; sourceTree = "<group>"; };
		3E4F0E8818D1341500B79CC8 /* RestaurantInfo.h */ = {isa = PBXFileReference; fileEncoding = 4; lastKnownFileType = sourcecode.c.h; path = RestaurantInfo.h; sourceTree = "<group>"; };
		3E53C5C618CECAF6005D4D1A /* TeamProjectCIS_22C_Final */ = {isa = PBXFileReference; explicitFileType = "compiled.mach-o.executable"; includeInIndex = 0; path = TeamProjectCIS_22C_Final; sourceTree = BUILT_PRODUCTS_DIR; };
/* End PBXFileReference section */

/* Begin PBXFrameworksBuildPhase section */
		3E53C5C318CECAF6005D4D1A /* Frameworks */ = {
			isa = PBXFrameworksBuildPhase;
			buildActionMask = 2147483647;
			files = (
			);
			runOnlyForDeploymentPostprocessing = 0;
		};
/* End PBXFrameworksBuildPhase section */

/* Begin PBXGroup section */
		3E53C5BD18CECAF6005D4D1A = {
			isa = PBXGroup;
			children = (
				3E53C5C818CECAF6005D4D1A /* TeamProjectCIS_22C_Final */,
				3E53C5C718CECAF6005D4D1A /* Products */,
			);
			sourceTree = "<group>";
		};
		3E53C5C718CECAF6005D4D1A /* Products */ = {
			isa = PBXGroup;
			children = (
				3E53C5C618CECAF6005D4D1A /* TeamProjectCIS_22C_Final */,
			);
			name = Products;
			sourceTree = "<group>";
		};
		3E53C5C818CECAF6005D4D1A /* TeamProjectCIS_22C_Final */ = {
			isa = PBXGroup;
			children = (
				3E4F0E8818D1341500B79CC8 /* RestaurantInfo.h */,
				3E4F0E8718D1339000B79CC8 /* CollisionTable.h */,
				3E4F0E8518D1338800B79CC8 /* CollisionTable.cpp */,
				3E4F0E8318D1338100B79CC8 /* Hash.cpp */,
				3E4F0E8218D1337900B79CC8 /* Hash.h */,
				3E4F0E8018D1337200B79CC8 /* main.cpp */,
				3E4F0E7F18D1336B00B79CC8 /* ListHead.h */,
				3E4F0E7D18D1336300B79CC8 /* RestaurantInfo.cpp */,
				3E4F0E7B18D1335C00B79CC8 /* ListHead.cpp */,
				3E4F0E7A18D1335500B79CC8 /* TypeList.h */,
				3E4F0E7818D1334C00B79CC8 /* StreetList.cpp */,
				3E4F0E7718D1333B00B79CC8 /* StreetList.h */,
				3E4F0E7518D1332E00B79CC8 /* TypeList.cpp */,
			);
			path = TeamProjectCIS_22C_Final;
			sourceTree = "<group>";
		};
/* End PBXGroup section */

/* Begin PBXNativeTarget section */
		3E53C5C518CECAF6005D4D1A /* TeamProjectCIS_22C_Final */ = {
			isa = PBXNativeTarget;
			buildConfigurationList = 3E53C5CF18CECAF6005D4D1A /* Build configuration list for PBXNativeTarget "TeamProjectCIS_22C_Final" */;
			buildPhases = (
				3E53C5C218CECAF6005D4D1A /* Sources */,
				3E53C5C318CECAF6005D4D1A /* Frameworks */,
				3E53C5C418CECAF6005D4D1A /* CopyFiles */,
			);
			buildRules = (
			);
			dependencies = (
			);
			name = TeamProjectCIS_22C_Final;
			productName = TeamProjectCIS_22C_Final;
			productReference = 3E53C5C618CECAF6005D4D1A /* TeamProjectCIS_22C_Final */;
			productType = "com.apple.product-type.tool";
		};
/* End PBXNativeTarget section */

/* Begin PBXProject section */
		3E53C5BE18CECAF6005D4D1A /* Project object */ = {
			isa = PBXProject;
			attributes = {
				LastUpgradeCheck = 0500;
				ORGANIZATIONNAME = Lina;
			};
			buildConfigurationList = 3E53C5C118CECAF6005D4D1A /* Build configuration list for PBXProject "TeamProjectCIS_22C_Final" */;
			compatibilityVersion = "Xcode 3.2";
			developmentRegion = English;
			hasScannedForEncodings = 0;
			knownRegions = (
				en,
			);
			mainGroup = 3E53C5BD18CECAF6005D4D1A;
			productRefGroup = 3E53C5C718CECAF6005D4D1A /* Products */;
			projectDirPath = "";
			projectRoot = "";
			targets = (
				3E53C5C518CECAF6005D4D1A /* TeamProjectCIS_22C_Final */,
			);
		};
/* End PBXProject section */

/* Begin PBXSourcesBuildPhase section */
		3E53C5C218CECAF6005D4D1A /* Sources */ = {
			isa = PBXSourcesBuildPhase;
			buildActionMask = 2147483647;
			files = (
				3E4F0E7E18D1336300B79CC8 /* RestaurantInfo.cpp in Sources */,
				3E4F0E7918D1334C00B79CC8 /* StreetList.cpp in Sources */,
				3E4F0E8618D1338800B79CC8 /* CollisionTable.cpp in Sources */,
				3E4F0E7618D1332E00B79CC8 /* TypeList.cpp in Sources */,
				3E4F0E8418D1338100B79CC8 /* Hash.cpp in Sources */,
				3E4F0E8118D1337200B79CC8 /* main.cpp in Sources */,
				3E4F0E7C18D1335C00B79CC8 /* ListHead.cpp in Sources */,
			);
			runOnlyForDeploymentPostprocessing = 0;
		};
/* End PBXSourcesBuildPhase section */

/* Begin XCBuildConfiguration section */
		3E53C5CD18CECAF6005D4D1A /* Debug */ = {
			isa = XCBuildConfiguration;
			buildSettings = {
				ALWAYS_SEARCH_USER_PATHS = NO;
				CLANG_CXX_LANGUAGE_STANDARD = "gnu++0x";
				CLANG_CXX_LIBRARY = "libc++";
				CLANG_ENABLE_OBJC_ARC = YES;
				CLANG_WARN_BOOL_CONVERSION = YES;
				CLANG_WARN_CONSTANT_CONVERSION = YES;
				CLANG_WARN_DIRECT_OBJC_ISA_USAGE = YES_ERROR;
				CLANG_WARN_EMPTY_BODY = YES;
				CLANG_WARN_ENUM_CONVERSION = YES;
				CLANG_WARN_INT_CONVERSION = YES;
				CLANG_WARN_OBJC_ROOT_CLASS = YES_ERROR;
				CLANG_WARN__DUPLICATE_METHOD_MATCH = YES;
				COPY_PHASE_STRIP = NO;
				GCC_C_LANGUAGE_STANDARD = gnu99;
				GCC_DYNAMIC_NO_PIC = NO;
				GCC_ENABLE_OBJC_EXCEPTIONS = YES;
				GCC_OPTIMIZATION_LEVEL = 0;
				GCC_PREPROCESSOR_DEFINITIONS = (
					"DEBUG=1",
					"$(inherited)",
				);
				GCC_SYMBOLS_PRIVATE_EXTERN = NO;
				GCC_WARN_64_TO_32_BIT_CONVERSION = YES;
				GCC_WARN_ABOUT_RETURN_TYPE = YES_ERROR;
				GCC_WARN_UNDECLARED_SELECTOR = YES;
				GCC_WARN_UNINITIALIZED_AUTOS = YES;
				GCC_WARN_UNUSED_FUNCTION = YES;
				GCC_WARN_UNUSED_VARIABLE = YES;
				MACOSX_DEPLOYMENT_TARGET = 10.8;
				ONLY_ACTIVE_ARCH = YES;
				SDKROOT = macosx;
			};
			name = Debug;
		};
		3E53C5CE18CECAF6005D4D1A /* Release */ = {
			isa = XCBuildConfiguration;
			buildSettings = {
				ALWAYS_SEARCH_USER_PATHS = NO;
				CLANG_CXX_LANGUAGE_STANDARD = "gnu++0x";
				CLANG_CXX_LIBRARY = "libc++";
				CLANG_ENABLE_OBJC_ARC = YES;
				CLANG_WARN_BOOL_CONVERSION = YES;
				CLANG_WARN_CONSTANT_CONVERSION = YES;
				CLANG_WARN_DIRECT_OBJC_ISA_USAGE = YES_ERROR;
				CLANG_WARN_EMPTY_BODY = YES;
				CLANG_WARN_ENUM_CONVERSION = YES;
				CLANG_WARN_INT_CONVERSION = YES;
				CLANG_WARN_OBJC_ROOT_CLASS = YES_ERROR;
				CLANG_WARN__DUPLICATE_METHOD_MATCH = YES;
				COPY_PHASE_STRIP = YES;
				DEBUG_INFORMATION_FORMAT = "dwarf-with-dsym";
				ENABLE_NS_ASSERTIONS = NO;
				GCC_C_LANGUAGE_STANDARD = gnu99;
				GCC_ENABLE_OBJC_EXCEPTIONS = YES;
				GCC_WARN_64_TO_32_BIT_CONVERSION = YES;
				GCC_WARN_ABOUT_RETURN_TYPE = YES_ERROR;
				GCC_WARN_UNDECLARED_SELECTOR = YES;
				GCC_WARN_UNINITIALIZED_AUTOS = YES;
				GCC_WARN_UNUSED_FUNCTION = YES;
				GCC_WARN_UNUSED_VARIABLE = YES;
				MACOSX_DEPLOYMENT_TARGET = 10.8;
				SDKROOT = macosx;
			};
			name = Release;
		};
		3E53C5D018CECAF6005D4D1A /* Debug */ = {
			isa = XCBuildConfiguration;
			buildSettings = {
				PRODUCT_NAME = "$(TARGET_NAME)";
			};
			name = Debug;
		};
		3E53C5D118CECAF6005D4D1A /* Release */ = {
			isa = XCBuildConfiguration;
			buildSettings = {
				PRODUCT_NAME = "$(TARGET_NAME)";
			};
			name = Release;
		};
/* End XCBuildConfiguration section */

/* Begin XCConfigurationList section */
		3E53C5C118CECAF6005D4D1A /* Build configuration list for PBXProject "TeamProjectCIS_22C_Final" */ = {
			isa = XCConfigurationList;
			buildConfigurations = (
				3E53C5CD18CECAF6005D4D1A /* Debug */,
				3E53C5CE18CECAF6005D4D1A /* Release */,
			);
			defaultConfigurationIsVisible = 0;
			defaultConfigurationName = Release;
		};
		3E53C5CF18CECAF6005D4D1A /* Build configuration list for PBXNativeTarget "TeamProjectCIS_22C_Final" */ = {
			isa = XCConfigurationList;
			buildConfigurations = (
				3E53C5D018CECAF6005D4D1A /* Debug */,
				3E53C5D118CECAF6005D4D1A /* Release */,
			);
			defaultConfigurationIsVisible = 0;
			defaultConfigurationName = Release;
		};
/* End XCConfigurationList section */
	};
	rootObject = 3E53C5BE18CECAF6005D4D1A /* Project object */;
}
